// !$*UTF8*$!
{
	archiveVersion = 1;
	classes = {
	};
	objectVersion = 56;
	objects = {

/* Begin PBXBuildFile section */
		6C194A7A2A967EE700495633 /* AppDelegate.swift in Sources */ = {isa = PBXBuildFile; fileRef = 6C194A792A967EE700495633 /* AppDelegate.swift */; };
		6C194A7C2A967EE700495633 /* SceneDelegate.swift in Sources */ = {isa = PBXBuildFile; fileRef = 6C194A7B2A967EE700495633 /* SceneDelegate.swift */; };
		6C194A812A967EE700495633 /* Main.storyboard in Resources */ = {isa = PBXBuildFile; fileRef = 6C194A7F2A967EE700495633 /* Main.storyboard */; };
		6C194A832A967EE900495633 /* Assets.xcassets in Resources */ = {isa = PBXBuildFile; fileRef = 6C194A822A967EE900495633 /* Assets.xcassets */; };
		6C194A862A967EE900495633 /* LaunchScreen.storyboard in Resources */ = {isa = PBXBuildFile; fileRef = 6C194A842A967EE900495633 /* LaunchScreen.storyboard */; };
		6C194A912A9682E200495633 /* SingIn.storyboard in Resources */ = {isa = PBXBuildFile; fileRef = 6C194A902A9682E200495633 /* SingIn.storyboard */; };
		6C194A932A96840100495633 /* SingUp.storyboard in Resources */ = {isa = PBXBuildFile; fileRef = 6C194A922A96840100495633 /* SingUp.storyboard */; };
		6C28D4F72A9D175F009A9190 /* VerificationService.swift in Sources */ = {isa = PBXBuildFile; fileRef = 6C28D4F62A9D175F009A9190 /* VerificationService.swift */; };
		6C28D4FA2A9D4285009A9190 /* UserModel.swift in Sources */ = {isa = PBXBuildFile; fileRef = 6C28D4F92A9D4285009A9190 /* UserModel.swift */; };
		6C28D4FC2A9D453F009A9190 /* VerificationsVC.swift in Sources */ = {isa = PBXBuildFile; fileRef = 6C28D4FB2A9D453E009A9190 /* VerificationsVC.swift */; };
		6C28D4FE2A9DC714009A9190 /* WelcomeVC.swift in Sources */ = {isa = PBXBuildFile; fileRef = 6C28D4FD2A9DC714009A9190 /* WelcomeVC.swift */; };
		6C28D5002A9FAD08009A9190 /* UserDefaultsExt.swift in Sources */ = {isa = PBXBuildFile; fileRef = 6C28D4FF2A9FAD08009A9190 /* UserDefaultsExt.swift */; };
		6C28D5022A9FAF4B009A9190 /* UserDefaultsService.swift in Sources */ = {isa = PBXBuildFile; fileRef = 6C28D5012A9FAF4B009A9190 /* UserDefaultsService.swift */; };
		6C28D5042A9FB869009A9190 /* TabBarController.swift in Sources */ = {isa = PBXBuildFile; fileRef = 6C28D5032A9FB869009A9190 /* TabBarController.swift */; };
		6C28D5062A9FCAB3009A9190 /* ProfileVC.swift in Sources */ = {isa = PBXBuildFile; fileRef = 6C28D5052A9FCAB3009A9190 /* ProfileVC.swift */; };
		6C28D5082A9FCF21009A9190 /* ChangeUserAccVC.swift in Sources */ = {isa = PBXBuildFile; fileRef = 6C28D5072A9FCF21009A9190 /* ChangeUserAccVC.swift */; };
		6C3B5F512A9701900087DB28 /* SignInVC.swift in Sources */ = {isa = PBXBuildFile; fileRef = 6C3B5F502A9701900087DB28 /* SignInVC.swift */; };
		6C3B5F542A9703210087DB28 /* ExtensionUIVC.swift in Sources */ = {isa = PBXBuildFile; fileRef = 6C3B5F532A9703210087DB28 /* ExtensionUIVC.swift */; };
		6C3B5F562A9703E50087DB28 /* CreateNewAccVC.swift in Sources */ = {isa = PBXBuildFile; fileRef = 6C3B5F552A9703E50087DB28 /* CreateNewAccVC.swift */; };
/* End PBXBuildFile section */

/* Begin PBXFileReference section */
		6C194A762A967EE700495633 /* HW15.app */ = {isa = PBXFileReference; explicitFileType = wrapper.application; includeInIndex = 0; path = HW15.app; sourceTree = BUILT_PRODUCTS_DIR; };
		6C194A792A967EE700495633 /* AppDelegate.swift */ = {isa = PBXFileReference; lastKnownFileType = sourcecode.swift; path = AppDelegate.swift; sourceTree = "<group>"; };
		6C194A7B2A967EE700495633 /* SceneDelegate.swift */ = {isa = PBXFileReference; lastKnownFileType = sourcecode.swift; path = SceneDelegate.swift; sourceTree = "<group>"; };
		6C194A802A967EE700495633 /* Base */ = {isa = PBXFileReference; lastKnownFileType = file.storyboard; name = Base; path = Base.lproj/Main.storyboard; sourceTree = "<group>"; };
		6C194A822A967EE900495633 /* Assets.xcassets */ = {isa = PBXFileReference; lastKnownFileType = folder.assetcatalog; path = Assets.xcassets; sourceTree = "<group>"; };
		6C194A852A967EE900495633 /* Base */ = {isa = PBXFileReference; lastKnownFileType = file.storyboard; name = Base; path = Base.lproj/LaunchScreen.storyboard; sourceTree = "<group>"; };
		6C194A872A967EE900495633 /* Info.plist */ = {isa = PBXFileReference; lastKnownFileType = text.plist.xml; path = Info.plist; sourceTree = "<group>"; };
		6C194A902A9682E200495633 /* SingIn.storyboard */ = {isa = PBXFileReference; lastKnownFileType = file.storyboard; path = SingIn.storyboard; sourceTree = "<group>"; };
		6C194A922A96840100495633 /* SingUp.storyboard */ = {isa = PBXFileReference; lastKnownFileType = file.storyboard; path = SingUp.storyboard; sourceTree = "<group>"; };
		6C28D4F62A9D175F009A9190 /* VerificationService.swift */ = {isa = PBXFileReference; lastKnownFileType = sourcecode.swift; path = VerificationService.swift; sourceTree = "<group>"; };
		6C28D4F92A9D4285009A9190 /* UserModel.swift */ = {isa = PBXFileReference; lastKnownFileType = sourcecode.swift; path = UserModel.swift; sourceTree = "<group>"; };
		6C28D4FB2A9D453E009A9190 /* VerificationsVC.swift */ = {isa = PBXFileReference; lastKnownFileType = sourcecode.swift; path = VerificationsVC.swift; sourceTree = "<group>"; };
		6C28D4FD2A9DC714009A9190 /* WelcomeVC.swift */ = {isa = PBXFileReference; lastKnownFileType = sourcecode.swift; path = WelcomeVC.swift; sourceTree = "<group>"; };
		6C28D4FF2A9FAD08009A9190 /* UserDefaultsExt.swift */ = {isa = PBXFileReference; lastKnownFileType = sourcecode.swift; path = UserDefaultsExt.swift; sourceTree = "<group>"; };
		6C28D5012A9FAF4B009A9190 /* UserDefaultsService.swift */ = {isa = PBXFileReference; lastKnownFileType = sourcecode.swift; path = UserDefaultsService.swift; sourceTree = "<group>"; };
		6C28D5032A9FB869009A9190 /* TabBarController.swift */ = {isa = PBXFileReference; lastKnownFileType = sourcecode.swift; path = TabBarController.swift; sourceTree = "<group>"; };
		6C28D5052A9FCAB3009A9190 /* ProfileVC.swift */ = {isa = PBXFileReference; lastKnownFileType = sourcecode.swift; path = ProfileVC.swift; sourceTree = "<group>"; };
		6C28D5072A9FCF21009A9190 /* ChangeUserAccVC.swift */ = {isa = PBXFileReference; lastKnownFileType = sourcecode.swift; path = ChangeUserAccVC.swift; sourceTree = "<group>"; };
		6C3B5F502A9701900087DB28 /* SignInVC.swift */ = {isa = PBXFileReference; lastKnownFileType = sourcecode.swift; path = SignInVC.swift; sourceTree = "<group>"; };
		6C3B5F532A9703210087DB28 /* ExtensionUIVC.swift */ = {isa = PBXFileReference; lastKnownFileType = sourcecode.swift; path = ExtensionUIVC.swift; sourceTree = "<group>"; };
		6C3B5F552A9703E50087DB28 /* CreateNewAccVC.swift */ = {isa = PBXFileReference; lastKnownFileType = sourcecode.swift; path = CreateNewAccVC.swift; sourceTree = "<group>"; };
/* End PBXFileReference section */

/* Begin PBXFrameworksBuildPhase section */
		6C194A732A967EE700495633 /* Frameworks */ = {
			isa = PBXFrameworksBuildPhase;
			buildActionMask = 2147483647;
			files = (
			);
			runOnlyForDeploymentPostprocessing = 0;
		};
/* End PBXFrameworksBuildPhase section */

/* Begin PBXGroup section */
		6C194A6D2A967EE700495633 = {
			isa = PBXGroup;
			children = (
				6C194A782A967EE700495633 /* HW15 */,
				6C194A772A967EE700495633 /* Products */,
			);
			sourceTree = "<group>";
		};
		6C194A772A967EE700495633 /* Products */ = {
			isa = PBXGroup;
			children = (
				6C194A762A967EE700495633 /* HW15.app */,
			);
			name = Products;
			sourceTree = "<group>";
		};
		6C194A782A967EE700495633 /* HW15 */ = {
			isa = PBXGroup;
			children = (
				6C28D4F82A9D422F009A9190 /* Models */,
				6C3B5F522A9702C80087DB28 /* Extensions */,
				6C194A8E2A967F4200495633 /* Controllers */,
				6C28D4F52A9D1726009A9190 /* Services */,
				6C194A8F2A967F5500495633 /* Views */,
				6C194A822A967EE900495633 /* Assets.xcassets */,
				6C194A872A967EE900495633 /* Info.plist */,
				6C194A8D2A967F2700495633 /* Delegate */,
			);
			path = HW15;
			sourceTree = "<group>";
		};
		6C194A8D2A967F2700495633 /* Delegate */ = {
			isa = PBXGroup;
			children = (
				6C194A792A967EE700495633 /* AppDelegate.swift */,
				6C194A7B2A967EE700495633 /* SceneDelegate.swift */,
			);
			path = Delegate;
			sourceTree = "<group>";
		};
		6C194A8E2A967F4200495633 /* Controllers */ = {
			isa = PBXGroup;
			children = (
				6C3B5F502A9701900087DB28 /* SignInVC.swift */,
				6C3B5F552A9703E50087DB28 /* CreateNewAccVC.swift */,
				6C28D4FB2A9D453E009A9190 /* VerificationsVC.swift */,
				6C28D4FD2A9DC714009A9190 /* WelcomeVC.swift */,
				6C28D5032A9FB869009A9190 /* TabBarController.swift */,
				6C28D5052A9FCAB3009A9190 /* ProfileVC.swift */,
				6C28D5072A9FCF21009A9190 /* ChangeUserAccVC.swift */,
			);
			path = Controllers;
			sourceTree = "<group>";
		};
		6C194A8F2A967F5500495633 /* Views */ = {
			isa = PBXGroup;
			children = (
				6C194A902A9682E200495633 /* SingIn.storyboard */,
				6C194A922A96840100495633 /* SingUp.storyboard */,
				6C194A7F2A967EE700495633 /* Main.storyboard */,
				6C194A842A967EE900495633 /* LaunchScreen.storyboard */,
			);
			path = Views;
			sourceTree = "<group>";
		};
		6C28D4F52A9D1726009A9190 /* Services */ = {
			isa = PBXGroup;
			children = (
				6C28D4F62A9D175F009A9190 /* VerificationService.swift */,
				6C28D5012A9FAF4B009A9190 /* UserDefaultsService.swift */,
			);
			path = Services;
			sourceTree = "<group>";
		};
		6C28D4F82A9D422F009A9190 /* Models */ = {
			isa = PBXGroup;
			children = (
				6C28D4F92A9D4285009A9190 /* UserModel.swift */,
			);
			path = Models;
			sourceTree = "<group>";
		};
		6C3B5F522A9702C80087DB28 /* Extensions */ = {
			isa = PBXGroup;
			children = (
				6C3B5F532A9703210087DB28 /* ExtensionUIVC.swift */,
				6C28D4FF2A9FAD08009A9190 /* UserDefaultsExt.swift */,
			);
			path = Extensions;
			sourceTree = "<group>";
		};
/* End PBXGroup section */

/* Begin PBXNativeTarget section */
		6C194A752A967EE700495633 /* HW15 */ = {
			isa = PBXNativeTarget;
			buildConfigurationList = 6C194A8A2A967EE900495633 /* Build configuration list for PBXNativeTarget "HW15" */;
			buildPhases = (
				6C194A722A967EE700495633 /* Sources */,
				6C194A732A967EE700495633 /* Frameworks */,
				6C194A742A967EE700495633 /* Resources */,
			);
			buildRules = (
			);
			dependencies = (
			);
			name = HW15;
			productName = HW15;
			productReference = 6C194A762A967EE700495633 /* HW15.app */;
			productType = "com.apple.product-type.application";
		};
/* End PBXNativeTarget section */

/* Begin PBXProject section */
		6C194A6E2A967EE700495633 /* Project object */ = {
			isa = PBXProject;
			attributes = {
				BuildIndependentTargetsInParallel = 1;
				LastSwiftUpdateCheck = 1420;
				LastUpgradeCheck = 1420;
				TargetAttributes = {
					6C194A752A967EE700495633 = {
						CreatedOnToolsVersion = 14.2;
					};
				};
			};
			buildConfigurationList = 6C194A712A967EE700495633 /* Build configuration list for PBXProject "HW15" */;
			compatibilityVersion = "Xcode 14.0";
			developmentRegion = en;
			hasScannedForEncodings = 0;
			knownRegions = (
				en,
				Base,
			);
			mainGroup = 6C194A6D2A967EE700495633;
			productRefGroup = 6C194A772A967EE700495633 /* Products */;
			projectDirPath = "";
			projectRoot = "";
			targets = (
				6C194A752A967EE700495633 /* HW15 */,
			);
		};
/* End PBXProject section */

/* Begin PBXResourcesBuildPhase section */
		6C194A742A967EE700495633 /* Resources */ = {
			isa = PBXResourcesBuildPhase;
			buildActionMask = 2147483647;
			files = (
				6C194A912A9682E200495633 /* SingIn.storyboard in Resources */,
				6C194A862A967EE900495633 /* LaunchScreen.storyboard in Resources */,
				6C194A932A96840100495633 /* SingUp.storyboard in Resources */,
				6C194A832A967EE900495633 /* Assets.xcassets in Resources */,
				6C194A812A967EE700495633 /* Main.storyboard in Resources */,
			);
			runOnlyForDeploymentPostprocessing = 0;
		};
/* End PBXResourcesBuildPhase section */

/* Begin PBXSourcesBuildPhase section */
		6C194A722A967EE700495633 /* Sources */ = {
			isa = PBXSourcesBuildPhase;
			buildActionMask = 2147483647;
			files = (
				6C194A7A2A967EE700495633 /* AppDelegate.swift in Sources */,
				6C28D5022A9FAF4B009A9190 /* UserDefaultsService.swift in Sources */,
				6C28D4FA2A9D4285009A9190 /* UserModel.swift in Sources */,
				6C194A7C2A967EE700495633 /* SceneDelegate.swift in Sources */,
				6C28D4F72A9D175F009A9190 /* VerificationService.swift in Sources */,
				6C3B5F542A9703210087DB28 /* ExtensionUIVC.swift in Sources */,
				6C3B5F562A9703E50087DB28 /* CreateNewAccVC.swift in Sources */,
				6C28D4FE2A9DC714009A9190 /* WelcomeVC.swift in Sources */,
				6C28D5062A9FCAB3009A9190 /* ProfileVC.swift in Sources */,
				6C3B5F512A9701900087DB28 /* SignInVC.swift in Sources */,
				6C28D5042A9FB869009A9190 /* TabBarController.swift in Sources */,
				6C28D5002A9FAD08009A9190 /* UserDefaultsExt.swift in Sources */,
				6C28D4FC2A9D453F009A9190 /* VerificationsVC.swift in Sources */,
				6C28D5082A9FCF21009A9190 /* ChangeUserAccVC.swift in Sources */,
			);
			runOnlyForDeploymentPostprocessing = 0;
		};
/* End PBXSourcesBuildPhase section */

/* Begin PBXVariantGroup section */
		6C194A7F2A967EE700495633 /* Main.storyboard */ = {
			isa = PBXVariantGroup;
			children = (
				6C194A802A967EE700495633 /* Base */,
			);
			name = Main.storyboard;
			sourceTree = "<group>";
		};
		6C194A842A967EE900495633 /* LaunchScreen.storyboard */ = {
			isa = PBXVariantGroup;
			children = (
				6C194A852A967EE900495633 /* Base */,
			);
			name = LaunchScreen.storyboard;
			sourceTree = "<group>";
		};
/* End PBXVariantGroup section */

/* Begin XCBuildConfiguration section */
		6C194A882A967EE900495633 /* Debug */ = {
			isa = XCBuildConfiguration;
			buildSettings = {
				ALWAYS_SEARCH_USER_PATHS = NO;
				CLANG_ANALYZER_NONNULL = YES;
				CLANG_ANALYZER_NUMBER_OBJECT_CONVERSION = YES_AGGRESSIVE;
				CLANG_CXX_LANGUAGE_STANDARD = "gnu++20";
				CLANG_ENABLE_MODULES = YES;
				CLANG_ENABLE_OBJC_ARC = YES;
				CLANG_ENABLE_OBJC_WEAK = YES;
				CLANG_WARN_BLOCK_CAPTURE_AUTORELEASING = YES;
				CLANG_WARN_BOOL_CONVERSION = YES;
				CLANG_WARN_COMMA = YES;
				CLANG_WARN_CONSTANT_CONVERSION = YES;
				CLANG_WARN_DEPRECATED_OBJC_IMPLEMENTATIONS = YES;
				CLANG_WARN_DIRECT_OBJC_ISA_USAGE = YES_ERROR;
				CLANG_WARN_DOCUMENTATION_COMMENTS = YES;
				CLANG_WARN_EMPTY_BODY = YES;
				CLANG_WARN_ENUM_CONVERSION = YES;
				CLANG_WARN_INFINITE_RECURSION = YES;
				CLANG_WARN_INT_CONVERSION = YES;
				CLANG_WARN_NON_LITERAL_NULL_CONVERSION = YES;
				CLANG_WARN_OBJC_IMPLICIT_RETAIN_SELF = YES;
				CLANG_WARN_OBJC_LITERAL_CONVERSION = YES;
				CLANG_WARN_OBJC_ROOT_CLASS = YES_ERROR;
				CLANG_WARN_QUOTED_INCLUDE_IN_FRAMEWORK_HEADER = YES;
				CLANG_WARN_RANGE_LOOP_ANALYSIS = YES;
				CLANG_WARN_STRICT_PROTOTYPES = YES;
				CLANG_WARN_SUSPICIOUS_MOVE = YES;
				CLANG_WARN_UNGUARDED_AVAILABILITY = YES_AGGRESSIVE;
				CLANG_WARN_UNREACHABLE_CODE = YES;
				CLANG_WARN__DUPLICATE_METHOD_MATCH = YES;
				COPY_PHASE_STRIP = NO;
				DEBUG_INFORMATION_FORMAT = dwarf;
				ENABLE_STRICT_OBJC_MSGSEND = YES;
				ENABLE_TESTABILITY = YES;
				GCC_C_LANGUAGE_STANDARD = gnu11;
				GCC_DYNAMIC_NO_PIC = NO;
				GCC_NO_COMMON_BLOCKS = YES;
				GCC_OPTIMIZATION_LEVEL = 0;
				GCC_PREPROCESSOR_DEFINITIONS = (
					"DEBUG=1",
					"$(inherited)",
				);
				GCC_WARN_64_TO_32_BIT_CONVERSION = YES;
				GCC_WARN_ABOUT_RETURN_TYPE = YES_ERROR;
				GCC_WARN_UNDECLARED_SELECTOR = YES;
				GCC_WARN_UNINITIALIZED_AUTOS = YES_AGGRESSIVE;
				GCC_WARN_UNUSED_FUNCTION = YES;
				GCC_WARN_UNUSED_VARIABLE = YES;
				IPHONEOS_DEPLOYMENT_TARGET = 16.2;
				MTL_ENABLE_DEBUG_INFO = INCLUDE_SOURCE;
				MTL_FAST_MATH = YES;
				ONLY_ACTIVE_ARCH = YES;
				SDKROOT = iphoneos;
				SWIFT_ACTIVE_COMPILATION_CONDITIONS = DEBUG;
				SWIFT_OPTIMIZATION_LEVEL = "-Onone";
			};
			name = Debug;
		};
		6C194A892A967EE900495633 /* Release */ = {
			isa = XCBuildConfiguration;
			buildSettings = {
				ALWAYS_SEARCH_USER_PATHS = NO;
				CLANG_ANALYZER_NONNULL = YES;
				CLANG_ANALYZER_NUMBER_OBJECT_CONVERSION = YES_AGGRESSIVE;
				CLANG_CXX_LANGUAGE_STANDARD = "gnu++20";
				CLANG_ENABLE_MODULES = YES;
				CLANG_ENABLE_OBJC_ARC = YES;
				CLANG_ENABLE_OBJC_WEAK = YES;
				CLANG_WARN_BLOCK_CAPTURE_AUTORELEASING = YES;
				CLANG_WARN_BOOL_CONVERSION = YES;
				CLANG_WARN_COMMA = YES;
				CLANG_WARN_CONSTANT_CONVERSION = YES;
				CLANG_WARN_DEPRECATED_OBJC_IMPLEMENTATIONS = YES;
				CLANG_WARN_DIRECT_OBJC_ISA_USAGE = YES_ERROR;
				CLANG_WARN_DOCUMENTATION_COMMENTS = YES;
				CLANG_WARN_EMPTY_BODY = YES;
				CLANG_WARN_ENUM_CONVERSION = YES;
				CLANG_WARN_INFINITE_RECURSION = YES;
				CLANG_WARN_INT_CONVERSION = YES;
				CLANG_WARN_NON_LITERAL_NULL_CONVERSION = YES;
				CLANG_WARN_OBJC_IMPLICIT_RETAIN_SELF = YES;
				CLANG_WARN_OBJC_LITERAL_CONVERSION = YES;
				CLANG_WARN_OBJC_ROOT_CLASS = YES_ERROR;
				CLANG_WARN_QUOTED_INCLUDE_IN_FRAMEWORK_HEADER = YES;
				CLANG_WARN_RANGE_LOOP_ANALYSIS = YES;
				CLANG_WARN_STRICT_PROTOTYPES = YES;
				CLANG_WARN_SUSPICIOUS_MOVE = YES;
				CLANG_WARN_UNGUARDED_AVAILABILITY = YES_AGGRESSIVE;
				CLANG_WARN_UNREACHABLE_CODE = YES;
				CLANG_WARN__DUPLICATE_METHOD_MATCH = YES;
				COPY_PHASE_STRIP = NO;
				DEBUG_INFORMATION_FORMAT = "dwarf-with-dsym";
				ENABLE_NS_ASSERTIONS = NO;
				ENABLE_STRICT_OBJC_MSGSEND = YES;
				GCC_C_LANGUAGE_STANDARD = gnu11;
				GCC_NO_COMMON_BLOCKS = YES;
				GCC_WARN_64_TO_32_BIT_CONVERSION = YES;
				GCC_WARN_ABOUT_RETURN_TYPE = YES_ERROR;
				GCC_WARN_UNDECLARED_SELECTOR = YES;
				GCC_WARN_UNINITIALIZED_AUTOS = YES_AGGRESSIVE;
				GCC_WARN_UNUSED_FUNCTION = YES;
				GCC_WARN_UNUSED_VARIABLE = YES;
				IPHONEOS_DEPLOYMENT_TARGET = 16.2;
				MTL_ENABLE_DEBUG_INFO = NO;
				MTL_FAST_MATH = YES;
				SDKROOT = iphoneos;
				SWIFT_COMPILATION_MODE = wholemodule;
				SWIFT_OPTIMIZATION_LEVEL = "-O";
				VALIDATE_PRODUCT = YES;
			};
			name = Release;
		};
		6C194A8B2A967EE900495633 /* Debug */ = {
			isa = XCBuildConfiguration;
			buildSettings = {
				ASSETCATALOG_COMPILER_APPICON_NAME = AppIcon;
				ASSETCATALOG_COMPILER_GLOBAL_ACCENT_COLOR_NAME = AccentColor;
				CODE_SIGN_STYLE = Automatic;
				CURRENT_PROJECT_VERSION = 1;
				DEVELOPMENT_TEAM = XS362S4TAX;
				GENERATE_INFOPLIST_FILE = YES;
				INFOPLIST_FILE = HW15/Info.plist;
				INFOPLIST_KEY_UIApplicationSupportsIndirectInputEvents = YES;
				INFOPLIST_KEY_UILaunchStoryboardName = LaunchScreen;
				INFOPLIST_KEY_UIMainStoryboardFile = SingIn;
				INFOPLIST_KEY_UISupportedInterfaceOrientations_iPad = "UIInterfaceOrientationPortrait UIInterfaceOrientationPortraitUpsideDown UIInterfaceOrientationLandscapeLeft UIInterfaceOrientationLandscapeRight";
				INFOPLIST_KEY_UISupportedInterfaceOrientations_iPhone = "UIInterfaceOrientationPortrait UIInterfaceOrientationLandscapeLeft UIInterfaceOrientationLandscapeRight";
				LD_RUNPATH_SEARCH_PATHS = (
					"$(inherited)",
					"@executable_path/Frameworks",
				);
				MARKETING_VERSION = 1.0;
				PRODUCT_BUNDLE_IDENTIFIER = Vadim.Ignatenko.HW15;
				PRODUCT_NAME = "$(TARGET_NAME)";
				SWIFT_EMIT_LOC_STRINGS = YES;
				SWIFT_VERSION = 5.0;
				TARGETED_DEVICE_FAMILY = "1,2";
			};
			name = Debug;
		};
		6C194A8C2A967EE900495633 /* Release */ = {
			isa = XCBuildConfiguration;
			buildSettings = {
				ASSETCATALOG_COMPILER_APPICON_NAME = AppIcon;
				ASSETCATALOG_COMPILER_GLOBAL_ACCENT_COLOR_NAME = AccentColor;
				CODE_SIGN_STYLE = Automatic;
				CURRENT_PROJECT_VERSION = 1;
				DEVELOPMENT_TEAM = XS362S4TAX;
				GENERATE_INFOPLIST_FILE = YES;
				INFOPLIST_FILE = HW15/Info.plist;
				INFOPLIST_KEY_UIApplicationSupportsIndirectInputEvents = YES;
				INFOPLIST_KEY_UILaunchStoryboardName = LaunchScreen;
				INFOPLIST_KEY_UIMainStoryboardFile = SingIn;
				INFOPLIST_KEY_UISupportedInterfaceOrientations_iPad = "UIInterfaceOrientationPortrait UIInterfaceOrientationPortraitUpsideDown UIInterfaceOrientationLandscapeLeft UIInterfaceOrientationLandscapeRight";
				INFOPLIST_KEY_UISupportedInterfaceOrientations_iPhone = "UIInterfaceOrientationPortrait UIInterfaceOrientationLandscapeLeft UIInterfaceOrientationLandscapeRight";
				LD_RUNPATH_SEARCH_PATHS = (
					"$(inherited)",
					"@executable_path/Frameworks",
				);
				MARKETING_VERSION = 1.0;
				PRODUCT_BUNDLE_IDENTIFIER = Vadim.Ignatenko.HW15;
				PRODUCT_NAME = "$(TARGET_NAME)";
				SWIFT_EMIT_LOC_STRINGS = YES;
				SWIFT_VERSION = 5.0;
				TARGETED_DEVICE_FAMILY = "1,2";
			};
			name = Release;
		};
/* End XCBuildConfiguration section */

/* Begin XCConfigurationList section */
		6C194A712A967EE700495633 /* Build configuration list for PBXProject "HW15" */ = {
			isa = XCConfigurationList;
			buildConfigurations = (
				6C194A882A967EE900495633 /* Debug */,
				6C194A892A967EE900495633 /* Release */,
			);
			defaultConfigurationIsVisible = 0;
			defaultConfigurationName = Release;
		};
		6C194A8A2A967EE900495633 /* Build configuration list for PBXNativeTarget "HW15" */ = {
			isa = XCConfigurationList;
			buildConfigurations = (
				6C194A8B2A967EE900495633 /* Debug */,
				6C194A8C2A967EE900495633 /* Release */,
			);
			defaultConfigurationIsVisible = 0;
			defaultConfigurationName = Release;
		};
/* End XCConfigurationList section */
	};
	rootObject = 6C194A6E2A967EE700495633 /* Project object */;
}
